// !$*UTF8*$!
{
	archiveVersion = 1;
	classes = {
	};
	objectVersion = 56;
	objects = {

/* Begin PBXBuildFile section */
		E14CA2CB2C2EA73C00155BA8 /* GameOverScene.swift in Sources */ = {isa = PBXBuildFile; fileRef = E14CA2CA2C2EA73C00155BA8 /* GameOverScene.swift */; };
		E14CA2CD2C2EAE5900155BA8 /* GameOverScene.sks in Resources */ = {isa = PBXBuildFile; fileRef = E14CA2CC2C2EAE5900155BA8 /* GameOverScene.sks */; };
		E1635A692C2D5B2400B5567E /* AppDelegate.swift in Sources */ = {isa = PBXBuildFile; fileRef = E1635A682C2D5B2400B5567E /* AppDelegate.swift */; };
		E1635A6B2C2D5B2400B5567E /* SceneDelegate.swift in Sources */ = {isa = PBXBuildFile; fileRef = E1635A6A2C2D5B2400B5567E /* SceneDelegate.swift */; };
		E1635A6D2C2D5B2400B5567E /* ViewController.swift in Sources */ = {isa = PBXBuildFile; fileRef = E1635A6C2C2D5B2400B5567E /* ViewController.swift */; };
		E1635A702C2D5B2400B5567E /* Base in Resources */ = {isa = PBXBuildFile; fileRef = E1635A6F2C2D5B2400B5567E /* Base */; };
		E1635A722C2D5B2500B5567E /* Assets.xcassets in Resources */ = {isa = PBXBuildFile; fileRef = E1635A712C2D5B2500B5567E /* Assets.xcassets */; };
		E1635A802C2D5B2500B5567E /* CrashCarTests.swift in Sources */ = {isa = PBXBuildFile; fileRef = E1635A7F2C2D5B2500B5567E /* CrashCarTests.swift */; };
		E1635A8A2C2D5B2500B5567E /* CrashCarUITests.swift in Sources */ = {isa = PBXBuildFile; fileRef = E1635A892C2D5B2500B5567E /* CrashCarUITests.swift */; };
		E1635A8C2C2D5B2500B5567E /* CrashCarUITestsLaunchTests.swift in Sources */ = {isa = PBXBuildFile; fileRef = E1635A8B2C2D5B2500B5567E /* CrashCarUITestsLaunchTests.swift */; };
		E1635A992C2D5C8200B5567E /* ARCADECLASSIC.TTF in Resources */ = {isa = PBXBuildFile; fileRef = E1635A982C2D5C8200B5567E /* ARCADECLASSIC.TTF */; };
		E1635A9B2C2D606100B5567E /* GameScene.sks in Resources */ = {isa = PBXBuildFile; fileRef = E1635A9A2C2D606100B5567E /* GameScene.sks */; };
		E1635A9D2C2D63DC00B5567E /* GameViewController.swift in Sources */ = {isa = PBXBuildFile; fileRef = E1635A9C2C2D63DC00B5567E /* GameViewController.swift */; };
		E1635A9F2C2D6D8800B5567E /* GameScene.swift in Sources */ = {isa = PBXBuildFile; fileRef = E1635A9E2C2D6D8800B5567E /* GameScene.swift */; };
/* End PBXBuildFile section */

/* Begin PBXContainerItemProxy section */
		E1635A7C2C2D5B2500B5567E /* PBXContainerItemProxy */ = {
			isa = PBXContainerItemProxy;
			containerPortal = E1635A5D2C2D5B2400B5567E /* Project object */;
			proxyType = 1;
			remoteGlobalIDString = E1635A642C2D5B2400B5567E;
			remoteInfo = CrashCar;
		};
		E1635A862C2D5B2500B5567E /* PBXContainerItemProxy */ = {
			isa = PBXContainerItemProxy;
			containerPortal = E1635A5D2C2D5B2400B5567E /* Project object */;
			proxyType = 1;
			remoteGlobalIDString = E1635A642C2D5B2400B5567E;
			remoteInfo = CrashCar;
		};
/* End PBXContainerItemProxy section */

/* Begin PBXFileReference section */
		E14CA2CA2C2EA73C00155BA8 /* GameOverScene.swift */ = {isa = PBXFileReference; lastKnownFileType = sourcecode.swift; path = GameOverScene.swift; sourceTree = "<group>"; };
		E14CA2CC2C2EAE5900155BA8 /* GameOverScene.sks */ = {isa = PBXFileReference; lastKnownFileType = file.sks; path = GameOverScene.sks; sourceTree = "<group>"; };
		E1635A652C2D5B2400B5567E /* CrashCar.app */ = {isa = PBXFileReference; explicitFileType = wrapper.application; includeInIndex = 0; path = CrashCar.app; sourceTree = BUILT_PRODUCTS_DIR; };
		E1635A682C2D5B2400B5567E /* AppDelegate.swift */ = {isa = PBXFileReference; lastKnownFileType = sourcecode.swift; path = AppDelegate.swift; sourceTree = "<group>"; };
		E1635A6A2C2D5B2400B5567E /* SceneDelegate.swift */ = {isa = PBXFileReference; lastKnownFileType = sourcecode.swift; path = SceneDelegate.swift; sourceTree = "<group>"; };
		E1635A6C2C2D5B2400B5567E /* ViewController.swift */ = {isa = PBXFileReference; lastKnownFileType = sourcecode.swift; path = ViewController.swift; sourceTree = "<group>"; };
		E1635A6F2C2D5B2400B5567E /* Base */ = {isa = PBXFileReference; lastKnownFileType = file.storyboard; name = Base; path = Base.lproj/Main.storyboard; sourceTree = "<group>"; };
		E1635A712C2D5B2500B5567E /* Assets.xcassets */ = {isa = PBXFileReference; lastKnownFileType = folder.assetcatalog; path = Assets.xcassets; sourceTree = "<group>"; };
		E1635A762C2D5B2500B5567E /* Info.plist */ = {isa = PBXFileReference; lastKnownFileType = text.plist.xml; path = Info.plist; sourceTree = "<group>"; };
		E1635A7B2C2D5B2500B5567E /* CrashCarTests.xctest */ = {isa = PBXFileReference; explicitFileType = wrapper.cfbundle; includeInIndex = 0; path = CrashCarTests.xctest; sourceTree = BUILT_PRODUCTS_DIR; };
		E1635A7F2C2D5B2500B5567E /* CrashCarTests.swift */ = {isa = PBXFileReference; lastKnownFileType = sourcecode.swift; path = CrashCarTests.swift; sourceTree = "<group>"; };
		E1635A852C2D5B2500B5567E /* CrashCarUITests.xctest */ = {isa = PBXFileReference; explicitFileType = wrapper.cfbundle; includeInIndex = 0; path = CrashCarUITests.xctest; sourceTree = BUILT_PRODUCTS_DIR; };
		E1635A892C2D5B2500B5567E /* CrashCarUITests.swift */ = {isa = PBXFileReference; lastKnownFileType = sourcecode.swift; path = CrashCarUITests.swift; sourceTree = "<group>"; };
		E1635A8B2C2D5B2500B5567E /* CrashCarUITestsLaunchTests.swift */ = {isa = PBXFileReference; lastKnownFileType = sourcecode.swift; path = CrashCarUITestsLaunchTests.swift; sourceTree = "<group>"; };
		E1635A982C2D5C8200B5567E /* ARCADECLASSIC.TTF */ = {isa = PBXFileReference; lastKnownFileType = file; path = ARCADECLASSIC.TTF; sourceTree = "<group>"; };
		E1635A9A2C2D606100B5567E /* GameScene.sks */ = {isa = PBXFileReference; lastKnownFileType = file.sks; path = GameScene.sks; sourceTree = "<group>"; };
		E1635A9C2C2D63DC00B5567E /* GameViewController.swift */ = {isa = PBXFileReference; lastKnownFileType = sourcecode.swift; path = GameViewController.swift; sourceTree = "<group>"; };
		E1635A9E2C2D6D8800B5567E /* GameScene.swift */ = {isa = PBXFileReference; lastKnownFileType = sourcecode.swift; path = GameScene.swift; sourceTree = "<group>"; };
/* End PBXFileReference section */

/* Begin PBXFrameworksBuildPhase section */
		E1635A622C2D5B2400B5567E /* Frameworks */ = {
			isa = PBXFrameworksBuildPhase;
			buildActionMask = 2147483647;
			files = (
			);
			runOnlyForDeploymentPostprocessing = 0;
		};
		E1635A782C2D5B2500B5567E /* Frameworks */ = {
			isa = PBXFrameworksBuildPhase;
			buildActionMask = 2147483647;
			files = (
			);
			runOnlyForDeploymentPostprocessing = 0;
		};
		E1635A822C2D5B2500B5567E /* Frameworks */ = {
			isa = PBXFrameworksBuildPhase;
			buildActionMask = 2147483647;
			files = (
			);
			runOnlyForDeploymentPostprocessing = 0;
		};
/* End PBXFrameworksBuildPhase section */

/* Begin PBXGroup section */
		E1635A5C2C2D5B2400B5567E = {
			isa = PBXGroup;
			children = (
				E1635A672C2D5B2400B5567E /* CrashCar */,
				E1635A7E2C2D5B2500B5567E /* CrashCarTests */,
				E1635A882C2D5B2500B5567E /* CrashCarUITests */,
				E1635A662C2D5B2400B5567E /* Products */,
			);
			sourceTree = "<group>";
		};
		E1635A662C2D5B2400B5567E /* Products */ = {
			isa = PBXGroup;
			children = (
				E1635A652C2D5B2400B5567E /* CrashCar.app */,
				E1635A7B2C2D5B2500B5567E /* CrashCarTests.xctest */,
				E1635A852C2D5B2500B5567E /* CrashCarUITests.xctest */,
			);
			name = Products;
			sourceTree = "<group>";
		};
		E1635A672C2D5B2400B5567E /* CrashCar */ = {
			isa = PBXGroup;
			children = (
				E1635A682C2D5B2400B5567E /* AppDelegate.swift */,
				E1635A6A2C2D5B2400B5567E /* SceneDelegate.swift */,
				E1635A6C2C2D5B2400B5567E /* ViewController.swift */,
				E1635A9C2C2D63DC00B5567E /* GameViewController.swift */,
				E1635A9E2C2D6D8800B5567E /* GameScene.swift */,
				E14CA2CA2C2EA73C00155BA8 /* GameOverScene.swift */,
				E1635A6E2C2D5B2400B5567E /* Main.storyboard */,
				E14CA2CC2C2EAE5900155BA8 /* GameOverScene.sks */,
				E1635A9A2C2D606100B5567E /* GameScene.sks */,
				E1635A712C2D5B2500B5567E /* Assets.xcassets */,
				E1635A982C2D5C8200B5567E /* ARCADECLASSIC.TTF */,
				E1635A762C2D5B2500B5567E /* Info.plist */,
			);
			path = CrashCar;
			sourceTree = "<group>";
		};
		E1635A7E2C2D5B2500B5567E /* CrashCarTests */ = {
			isa = PBXGroup;
			children = (
				E1635A7F2C2D5B2500B5567E /* CrashCarTests.swift */,
			);
			path = CrashCarTests;
			sourceTree = "<group>";
		};
		E1635A882C2D5B2500B5567E /* CrashCarUITests */ = {
			isa = PBXGroup;
			children = (
				E1635A892C2D5B2500B5567E /* CrashCarUITests.swift */,
				E1635A8B2C2D5B2500B5567E /* CrashCarUITestsLaunchTests.swift */,
			);
			path = CrashCarUITests;
			sourceTree = "<group>";
		};
/* End PBXGroup section */

/* Begin PBXNativeTarget section */
		E1635A642C2D5B2400B5567E /* CrashCar */ = {
			isa = PBXNativeTarget;
			buildConfigurationList = E1635A8F2C2D5B2500B5567E /* Build configuration list for PBXNativeTarget "CrashCar" */;
			buildPhases = (
				E1635A612C2D5B2400B5567E /* Sources */,
				E1635A622C2D5B2400B5567E /* Frameworks */,
				E1635A632C2D5B2400B5567E /* Resources */,
			);
			buildRules = (
			);
			dependencies = (
			);
			name = CrashCar;
			productName = CrashCar;
			productReference = E1635A652C2D5B2400B5567E /* CrashCar.app */;
			productType = "com.apple.product-type.application";
		};
		E1635A7A2C2D5B2500B5567E /* CrashCarTests */ = {
			isa = PBXNativeTarget;
			buildConfigurationList = E1635A922C2D5B2500B5567E /* Build configuration list for PBXNativeTarget "CrashCarTests" */;
			buildPhases = (
				E1635A772C2D5B2500B5567E /* Sources */,
				E1635A782C2D5B2500B5567E /* Frameworks */,
				E1635A792C2D5B2500B5567E /* Resources */,
			);
			buildRules = (
			);
			dependencies = (
				E1635A7D2C2D5B2500B5567E /* PBXTargetDependency */,
			);
			name = CrashCarTests;
			productName = CrashCarTests;
			productReference = E1635A7B2C2D5B2500B5567E /* CrashCarTests.xctest */;
			productType = "com.apple.product-type.bundle.unit-test";
		};
		E1635A842C2D5B2500B5567E /* CrashCarUITests */ = {
			isa = PBXNativeTarget;
			buildConfigurationList = E1635A952C2D5B2500B5567E /* Build configuration list for PBXNativeTarget "CrashCarUITests" */;
			buildPhases = (
				E1635A812C2D5B2500B5567E /* Sources */,
				E1635A822C2D5B2500B5567E /* Frameworks */,
				E1635A832C2D5B2500B5567E /* Resources */,
			);
			buildRules = (
			);
			dependencies = (
				E1635A872C2D5B2500B5567E /* PBXTargetDependency */,
			);
			name = CrashCarUITests;
			productName = CrashCarUITests;
			productReference = E1635A852C2D5B2500B5567E /* CrashCarUITests.xctest */;
			productType = "com.apple.product-type.bundle.ui-testing";
		};
/* End PBXNativeTarget section */

/* Begin PBXProject section */
		E1635A5D2C2D5B2400B5567E /* Project object */ = {
			isa = PBXProject;
			attributes = {
				BuildIndependentTargetsInParallel = 1;
				LastSwiftUpdateCheck = 1540;
				LastUpgradeCheck = 1540;
				TargetAttributes = {
					E1635A642C2D5B2400B5567E = {
						CreatedOnToolsVersion = 15.4;
					};
					E1635A7A2C2D5B2500B5567E = {
						CreatedOnToolsVersion = 15.4;
						TestTargetID = E1635A642C2D5B2400B5567E;
					};
					E1635A842C2D5B2500B5567E = {
						CreatedOnToolsVersion = 15.4;
						TestTargetID = E1635A642C2D5B2400B5567E;
					};
				};
			};
			buildConfigurationList = E1635A602C2D5B2400B5567E /* Build configuration list for PBXProject "CrashCar" */;
			compatibilityVersion = "Xcode 14.0";
			developmentRegion = en;
			hasScannedForEncodings = 0;
			knownRegions = (
				en,
				Base,
			);
			mainGroup = E1635A5C2C2D5B2400B5567E;
			productRefGroup = E1635A662C2D5B2400B5567E /* Products */;
			projectDirPath = "";
			projectRoot = "";
			targets = (
				E1635A642C2D5B2400B5567E /* CrashCar */,
				E1635A7A2C2D5B2500B5567E /* CrashCarTests */,
				E1635A842C2D5B2500B5567E /* CrashCarUITests */,
			);
		};
/* End PBXProject section */

/* Begin PBXResourcesBuildPhase section */
		E1635A632C2D5B2400B5567E /* Resources */ = {
			isa = PBXResourcesBuildPhase;
			buildActionMask = 2147483647;
			files = (
				E1635A722C2D5B2500B5567E /* Assets.xcassets in Resources */,
				E1635A9B2C2D606100B5567E /* GameScene.sks in Resources */,
				E1635A702C2D5B2400B5567E /* Base in Resources */,
				E14CA2CD2C2EAE5900155BA8 /* GameOverScene.sks in Resources */,
				E1635A992C2D5C8200B5567E /* ARCADECLASSIC.TTF in Resources */,
			);
			runOnlyForDeploymentPostprocessing = 0;
		};
		E1635A792C2D5B2500B5567E /* Resources */ = {
			isa = PBXResourcesBuildPhase;
			buildActionMask = 2147483647;
			files = (
			);
			runOnlyForDeploymentPostprocessing = 0;
		};
		E1635A832C2D5B2500B5567E /* Resources */ = {
			isa = PBXResourcesBuildPhase;
			buildActionMask = 2147483647;
			files = (
			);
			runOnlyForDeploymentPostprocessing = 0;
		};
/* End PBXResourcesBuildPhase section */

/* Begin PBXSourcesBuildPhase section */
		E1635A612C2D5B2400B5567E /* Sources */ = {
			isa = PBXSourcesBuildPhase;
			buildActionMask = 2147483647;
			files = (
				E1635A9F2C2D6D8800B5567E /* GameScene.swift in Sources */,
				E1635A9D2C2D63DC00B5567E /* GameViewController.swift in Sources */,
				E1635A6D2C2D5B2400B5567E /* ViewController.swift in Sources */,
				E1635A692C2D5B2400B5567E /* AppDelegate.swift in Sources */,
				E14CA2CB2C2EA73C00155BA8 /* GameOverScene.swift in Sources */,
				E1635A6B2C2D5B2400B5567E /* SceneDelegate.swift in Sources */,
			);
			runOnlyForDeploymentPostprocessing = 0;
		};
		E1635A772C2D5B2500B5567E /* Sources */ = {
			isa = PBXSourcesBuildPhase;
			buildActionMask = 2147483647;
			files = (
				E1635A802C2D5B2500B5567E /* CrashCarTests.swift in Sources */,
			);
			runOnlyForDeploymentPostprocessing = 0;
		};
		E1635A812C2D5B2500B5567E /* Sources */ = {
			isa = PBXSourcesBuildPhase;
			buildActionMask = 2147483647;
			files = (
				E1635A8C2C2D5B2500B5567E /* CrashCarUITestsLaunchTests.swift in Sources */,
				E1635A8A2C2D5B2500B5567E /* CrashCarUITests.swift in Sources */,
			);
			runOnlyForDeploymentPostprocessing = 0;
		};
/* End PBXSourcesBuildPhase section */

/* Begin PBXTargetDependency section */
		E1635A7D2C2D5B2500B5567E /* PBXTargetDependency */ = {
			isa = PBXTargetDependency;
			target = E1635A642C2D5B2400B5567E /* CrashCar */;
			targetProxy = E1635A7C2C2D5B2500B5567E /* PBXContainerItemProxy */;
		};
		E1635A872C2D5B2500B5567E /* PBXTargetDependency */ = {
			isa = PBXTargetDependency;
			target = E1635A642C2D5B2400B5567E /* CrashCar */;
			targetProxy = E1635A862C2D5B2500B5567E /* PBXContainerItemProxy */;
		};
/* End PBXTargetDependency section */

/* Begin PBXVariantGroup section */
		E1635A6E2C2D5B2400B5567E /* Main.storyboard */ = {
			isa = PBXVariantGroup;
			children = (
				E1635A6F2C2D5B2400B5567E /* Base */,
			);
			name = Main.storyboard;
			sourceTree = "<group>";
		};
/* End PBXVariantGroup section */

/* Begin XCBuildConfiguration section */
		E1635A8D2C2D5B2500B5567E /* Debug */ = {
			isa = XCBuildConfiguration;
			buildSettings = {
				ALWAYS_SEARCH_USER_PATHS = NO;
				ASSETCATALOG_COMPILER_GENERATE_SWIFT_ASSET_SYMBOL_EXTENSIONS = YES;
				CLANG_ANALYZER_NONNULL = YES;
				CLANG_ANALYZER_NUMBER_OBJECT_CONVERSION = YES_AGGRESSIVE;
				CLANG_CXX_LANGUAGE_STANDARD = "gnu++20";
				CLANG_ENABLE_MODULES = YES;
				CLANG_ENABLE_OBJC_ARC = YES;
				CLANG_ENABLE_OBJC_WEAK = YES;
				CLANG_WARN_BLOCK_CAPTURE_AUTORELEASING = YES;
				CLANG_WARN_BOOL_CONVERSION = YES;
				CLANG_WARN_COMMA = YES;
				CLANG_WARN_CONSTANT_CONVERSION = YES;
				CLANG_WARN_DEPRECATED_OBJC_IMPLEMENTATIONS = YES;
				CLANG_WARN_DIRECT_OBJC_ISA_USAGE = YES_ERROR;
				CLANG_WARN_DOCUMENTATION_COMMENTS = YES;
				CLANG_WARN_EMPTY_BODY = YES;
				CLANG_WARN_ENUM_CONVERSION = YES;
				CLANG_WARN_INFINITE_RECURSION = YES;
				CLANG_WARN_INT_CONVERSION = YES;
				CLANG_WARN_NON_LITERAL_NULL_CONVERSION = YES;
				CLANG_WARN_OBJC_IMPLICIT_RETAIN_SELF = YES;
				CLANG_WARN_OBJC_LITERAL_CONVERSION = YES;
				CLANG_WARN_OBJC_ROOT_CLASS = YES_ERROR;
				CLANG_WARN_QUOTED_INCLUDE_IN_FRAMEWORK_HEADER = YES;
				CLANG_WARN_RANGE_LOOP_ANALYSIS = YES;
				CLANG_WARN_STRICT_PROTOTYPES = YES;
				CLANG_WARN_SUSPICIOUS_MOVE = YES;
				CLANG_WARN_UNGUARDED_AVAILABILITY = YES_AGGRESSIVE;
				CLANG_WARN_UNREACHABLE_CODE = YES;
				CLANG_WARN__DUPLICATE_METHOD_MATCH = YES;
				COPY_PHASE_STRIP = NO;
				DEBUG_INFORMATION_FORMAT = dwarf;
				ENABLE_STRICT_OBJC_MSGSEND = YES;
				ENABLE_TESTABILITY = YES;
				ENABLE_USER_SCRIPT_SANDBOXING = YES;
				GCC_C_LANGUAGE_STANDARD = gnu17;
				GCC_DYNAMIC_NO_PIC = NO;
				GCC_NO_COMMON_BLOCKS = YES;
				GCC_OPTIMIZATION_LEVEL = 0;
				GCC_PREPROCESSOR_DEFINITIONS = (
					"DEBUG=1",
					"$(inherited)",
				);
				GCC_WARN_64_TO_32_BIT_CONVERSION = YES;
				GCC_WARN_ABOUT_RETURN_TYPE = YES_ERROR;
				GCC_WARN_UNDECLARED_SELECTOR = YES;
				GCC_WARN_UNINITIALIZED_AUTOS = YES_AGGRESSIVE;
				GCC_WARN_UNUSED_FUNCTION = YES;
				GCC_WARN_UNUSED_VARIABLE = YES;
				IPHONEOS_DEPLOYMENT_TARGET = 17.5;
				LOCALIZATION_PREFERS_STRING_CATALOGS = YES;
				MTL_ENABLE_DEBUG_INFO = INCLUDE_SOURCE;
				MTL_FAST_MATH = YES;
				ONLY_ACTIVE_ARCH = YES;
				SDKROOT = iphoneos;
				SWIFT_ACTIVE_COMPILATION_CONDITIONS = "DEBUG $(inherited)";
				SWIFT_OPTIMIZATION_LEVEL = "-Onone";
			};
			name = Debug;
		};
		E1635A8E2C2D5B2500B5567E /* Release */ = {
			isa = XCBuildConfiguration;
			buildSettings = {
				ALWAYS_SEARCH_USER_PATHS = NO;
				ASSETCATALOG_COMPILER_GENERATE_SWIFT_ASSET_SYMBOL_EXTENSIONS = YES;
				CLANG_ANALYZER_NONNULL = YES;
				CLANG_ANALYZER_NUMBER_OBJECT_CONVERSION = YES_AGGRESSIVE;
				CLANG_CXX_LANGUAGE_STANDARD = "gnu++20";
				CLANG_ENABLE_MODULES = YES;
				CLANG_ENABLE_OBJC_ARC = YES;
				CLANG_ENABLE_OBJC_WEAK = YES;
				CLANG_WARN_BLOCK_CAPTURE_AUTORELEASING = YES;
				CLANG_WARN_BOOL_CONVERSION = YES;
				CLANG_WARN_COMMA = YES;
				CLANG_WARN_CONSTANT_CONVERSION = YES;
				CLANG_WARN_DEPRECATED_OBJC_IMPLEMENTATIONS = YES;
				CLANG_WARN_DIRECT_OBJC_ISA_USAGE = YES_ERROR;
				CLANG_WARN_DOCUMENTATION_COMMENTS = YES;
				CLANG_WARN_EMPTY_BODY = YES;
				CLANG_WARN_ENUM_CONVERSION = YES;
				CLANG_WARN_INFINITE_RECURSION = YES;
				CLANG_WARN_INT_CONVERSION = YES;
				CLANG_WARN_NON_LITERAL_NULL_CONVERSION = YES;
				CLANG_WARN_OBJC_IMPLICIT_RETAIN_SELF = YES;
				CLANG_WARN_OBJC_LITERAL_CONVERSION = YES;
				CLANG_WARN_OBJC_ROOT_CLASS = YES_ERROR;
				CLANG_WARN_QUOTED_INCLUDE_IN_FRAMEWORK_HEADER = YES;
				CLANG_WARN_RANGE_LOOP_ANALYSIS = YES;
				CLANG_WARN_STRICT_PROTOTYPES = YES;
				CLANG_WARN_SUSPICIOUS_MOVE = YES;
				CLANG_WARN_UNGUARDED_AVAILABILITY = YES_AGGRESSIVE;
				CLANG_WARN_UNREACHABLE_CODE = YES;
				CLANG_WARN__DUPLICATE_METHOD_MATCH = YES;
				COPY_PHASE_STRIP = NO;
				DEBUG_INFORMATION_FORMAT = "dwarf-with-dsym";
				ENABLE_NS_ASSERTIONS = NO;
				ENABLE_STRICT_OBJC_MSGSEND = YES;
				ENABLE_USER_SCRIPT_SANDBOXING = YES;
				GCC_C_LANGUAGE_STANDARD = gnu17;
				GCC_NO_COMMON_BLOCKS = YES;
				GCC_WARN_64_TO_32_BIT_CONVERSION = YES;
				GCC_WARN_ABOUT_RETURN_TYPE = YES_ERROR;
				GCC_WARN_UNDECLARED_SELECTOR = YES;
				GCC_WARN_UNINITIALIZED_AUTOS = YES_AGGRESSIVE;
				GCC_WARN_UNUSED_FUNCTION = YES;
				GCC_WARN_UNUSED_VARIABLE = YES;
				IPHONEOS_DEPLOYMENT_TARGET = 17.5;
				LOCALIZATION_PREFERS_STRING_CATALOGS = YES;
				MTL_ENABLE_DEBUG_INFO = NO;
				MTL_FAST_MATH = YES;
				SDKROOT = iphoneos;
				SWIFT_COMPILATION_MODE = wholemodule;
				VALIDATE_PRODUCT = YES;
			};
			name = Release;
		};
		E1635A902C2D5B2500B5567E /* Debug */ = {
			isa = XCBuildConfiguration;
			buildSettings = {
				ASSETCATALOG_COMPILER_APPICON_NAME = AppIcon;
				ASSETCATALOG_COMPILER_GLOBAL_ACCENT_COLOR_NAME = AccentColor;
				CODE_SIGN_STYLE = Automatic;
				CURRENT_PROJECT_VERSION = 1;
				GENERATE_INFOPLIST_FILE = YES;
				INFOPLIST_FILE = CrashCar/Info.plist;
				INFOPLIST_KEY_UIApplicationSupportsIndirectInputEvents = YES;
				INFOPLIST_KEY_UILaunchStoryboardName = LaunchScreen;
				INFOPLIST_KEY_UIMainStoryboardFile = Main;
				INFOPLIST_KEY_UISupportedInterfaceOrientations_iPad = "UIInterfaceOrientationPortrait UIInterfaceOrientationPortraitUpsideDown UIInterfaceOrientationLandscapeLeft UIInterfaceOrientationLandscapeRight";
				INFOPLIST_KEY_UISupportedInterfaceOrientations_iPhone = "UIInterfaceOrientationPortrait UIInterfaceOrientationLandscapeLeft UIInterfaceOrientationLandscapeRight";
				LD_RUNPATH_SEARCH_PATHS = (
					"$(inherited)",
					"@executable_path/Frameworks",
				);
				MARKETING_VERSION = 1.0;
				PRODUCT_BUNDLE_IDENTIFIER = com.dhea.CrashCar;
				PRODUCT_NAME = "$(TARGET_NAME)";
				SWIFT_EMIT_LOC_STRINGS = YES;
				SWIFT_VERSION = 5.0;
				TARGETED_DEVICE_FAMILY = "1,2";
			};
			name = Debug;
		};
		E1635A912C2D5B2500B5567E /* Release */ = {
			isa = XCBuildConfiguration;
			buildSettings = {
				ASSETCATALOG_COMPILER_APPICON_NAME = AppIcon;
				ASSETCATALOG_COMPILER_GLOBAL_ACCENT_COLOR_NAME = AccentColor;
				CODE_SIGN_STYLE = Automatic;
				CURRENT_PROJECT_VERSION = 1;
				GENERATE_INFOPLIST_FILE = YES;
				INFOPLIST_FILE = CrashCar/Info.plist;
				INFOPLIST_KEY_UIApplicationSupportsIndirectInputEvents = YES;
				INFOPLIST_KEY_UILaunchStoryboardName = LaunchScreen;
				INFOPLIST_KEY_UIMainStoryboardFile = Main;
				INFOPLIST_KEY_UISupportedInterfaceOrientations_iPad = "UIInterfaceOrientationPortrait UIInterfaceOrientationPortraitUpsideDown UIInterfaceOrientationLandscapeLeft UIInterfaceOrientationLandscapeRight";
				INFOPLIST_KEY_UISupportedInterfaceOrientations_iPhone = "UIInterfaceOrientationPortrait UIInterfaceOrientationLandscapeLeft UIInterfaceOrientationLandscapeRight";
				LD_RUNPATH_SEARCH_PATHS = (
					"$(inherited)",
					"@executable_path/Frameworks",
				);
				MARKETING_VERSION = 1.0;
				PRODUCT_BUNDLE_IDENTIFIER = com.dhea.CrashCar;
				PRODUCT_NAME = "$(TARGET_NAME)";
				SWIFT_EMIT_LOC_STRINGS = YES;
				SWIFT_VERSION = 5.0;
				TARGETED_DEVICE_FAMILY = "1,2";
			};
			name = Release;
		};
		E1635A932C2D5B2500B5567E /* Debug */ = {
			isa = XCBuildConfiguration;
			buildSettings = {
				ALWAYS_EMBED_SWIFT_STANDARD_LIBRARIES = YES;
				BUNDLE_LOADER = "$(TEST_HOST)";
				CODE_SIGN_STYLE = Automatic;
				CURRENT_PROJECT_VERSION = 1;
				GENERATE_INFOPLIST_FILE = YES;
				IPHONEOS_DEPLOYMENT_TARGET = 17.5;
				MARKETING_VERSION = 1.0;
				PRODUCT_BUNDLE_IDENTIFIER = com.dhea.CrashCarTests;
				PRODUCT_NAME = "$(TARGET_NAME)";
				SWIFT_EMIT_LOC_STRINGS = NO;
				SWIFT_VERSION = 5.0;
				TARGETED_DEVICE_FAMILY = "1,2";
				TEST_HOST = "$(BUILT_PRODUCTS_DIR)/CrashCar.app/$(BUNDLE_EXECUTABLE_FOLDER_PATH)/CrashCar";
			};
			name = Debug;
		};
		E1635A942C2D5B2500B5567E /* Release */ = {
			isa = XCBuildConfiguration;
			buildSettings = {
				ALWAYS_EMBED_SWIFT_STANDARD_LIBRARIES = YES;
				BUNDLE_LOADER = "$(TEST_HOST)";
				CODE_SIGN_STYLE = Automatic;
				CURRENT_PROJECT_VERSION = 1;
				GENERATE_INFOPLIST_FILE = YES;
				IPHONEOS_DEPLOYMENT_TARGET = 17.5;
				MARKETING_VERSION = 1.0;
				PRODUCT_BUNDLE_IDENTIFIER = com.dhea.CrashCarTests;
				PRODUCT_NAME = "$(TARGET_NAME)";
				SWIFT_EMIT_LOC_STRINGS = NO;
				SWIFT_VERSION = 5.0;
				TARGETED_DEVICE_FAMILY = "1,2";
				TEST_HOST = "$(BUILT_PRODUCTS_DIR)/CrashCar.app/$(BUNDLE_EXECUTABLE_FOLDER_PATH)/CrashCar";
			};
			name = Release;
		};
		E1635A962C2D5B2500B5567E /* Debug */ = {
			isa = XCBuildConfiguration;
			buildSettings = {
				ALWAYS_EMBED_SWIFT_STANDARD_LIBRARIES = YES;
				CODE_SIGN_STYLE = Automatic;
				CURRENT_PROJECT_VERSION = 1;
				GENERATE_INFOPLIST_FILE = YES;
				MARKETING_VERSION = 1.0;
				PRODUCT_BUNDLE_IDENTIFIER = com.dhea.CrashCarUITests;
				PRODUCT_NAME = "$(TARGET_NAME)";
				SWIFT_EMIT_LOC_STRINGS = NO;
				SWIFT_VERSION = 5.0;
				TARGETED_DEVICE_FAMILY = "1,2";
				TEST_TARGET_NAME = CrashCar;
			};
			name = Debug;
		};
		E1635A972C2D5B2500B5567E /* Release */ = {
			isa = XCBuildConfiguration;
			buildSettings = {
				ALWAYS_EMBED_SWIFT_STANDARD_LIBRARIES = YES;
				CODE_SIGN_STYLE = Automatic;
				CURRENT_PROJECT_VERSION = 1;
				GENERATE_INFOPLIST_FILE = YES;
				MARKETING_VERSION = 1.0;
				PRODUCT_BUNDLE_IDENTIFIER = com.dhea.CrashCarUITests;
				PRODUCT_NAME = "$(TARGET_NAME)";
				SWIFT_EMIT_LOC_STRINGS = NO;
				SWIFT_VERSION = 5.0;
				TARGETED_DEVICE_FAMILY = "1,2";
				TEST_TARGET_NAME = CrashCar;
			};
			name = Release;
		};
/* End XCBuildConfiguration section */

/* Begin XCConfigurationList section */
		E1635A602C2D5B2400B5567E /* Build configuration list for PBXProject "CrashCar" */ = {
			isa = XCConfigurationList;
			buildConfigurations = (
				E1635A8D2C2D5B2500B5567E /* Debug */,
				E1635A8E2C2D5B2500B5567E /* Release */,
			);
			defaultConfigurationIsVisible = 0;
			defaultConfigurationName = Release;
		};
		E1635A8F2C2D5B2500B5567E /* Build configuration list for PBXNativeTarget "CrashCar" */ = {
			isa = XCConfigurationList;
			buildConfigurations = (
				E1635A902C2D5B2500B5567E /* Debug */,
				E1635A912C2D5B2500B5567E /* Release */,
			);
			defaultConfigurationIsVisible = 0;
			defaultConfigurationName = Release;
		};
		E1635A922C2D5B2500B5567E /* Build configuration list for PBXNativeTarget "CrashCarTests" */ = {
			isa = XCConfigurationList;
			buildConfigurations = (
				E1635A932C2D5B2500B5567E /* Debug */,
				E1635A942C2D5B2500B5567E /* Release */,
			);
			defaultConfigurationIsVisible = 0;
			defaultConfigurationName = Release;
		};
		E1635A952C2D5B2500B5567E /* Build configuration list for PBXNativeTarget "CrashCarUITests" */ = {
			isa = XCConfigurationList;
			buildConfigurations = (
				E1635A962C2D5B2500B5567E /* Debug */,
				E1635A972C2D5B2500B5567E /* Release */,
			);
			defaultConfigurationIsVisible = 0;
			defaultConfigurationName = Release;
		};
/* End XCConfigurationList section */
	};
	rootObject = E1635A5D2C2D5B2400B5567E /* Project object */;
}
